
Microsoft Visual Studio Solution File, Format Version 12.00
# Visual Studio Version 17
VisualStudioVersion = 17.11.35327.3
MinimumVisualStudioVersion = 10.0.40219.1
Project("{9092AA53-FB77-4645-B42D-1CCCA6BD08BD}") = "Animus Web Skill Calc", "Animus Web Skill Calc\Animus Web Skill Calc.njsproj", "{56AB4DED-9BC4-4D23-9469-F1E9E85D72AA}"
EndProject
Global
	GlobalSection(SolutionConfigurationPlatforms) = preSolution
		Debug|Any CPU = Debug|Any CPU
		Release|Any CPU = Release|Any CPU
	EndGlobalSection
	GlobalSection(ProjectConfigurationPlatforms) = postSolution
		{56AB4DED-9BC4-4D23-9469-F1E9E85D72AA}.Debug|Any CPU.ActiveCfg = Debug|Any CPU
		{56AB4DED-9BC4-4D23-9469-F1E9E85D72AA}.Debug|Any CPU.Build.0 = Debug|Any CPU
		{56AB4DED-9BC4-4D23-9469-F1E9E85D72AA}.Release|Any CPU.ActiveCfg = Release|Any CPU
		{56AB4DED-9BC4-4D23-9469-F1E9E85D72AA}.Release|Any CPU.Build.0 = Release|Any CPU
	EndGlobalSection
	GlobalSection(SolutionProperties) = preSolution
		HideSolutionNode = FALSE
	EndGlobalSection
	GlobalSection(ExtensibilityGlobals) = postSolution
		SolutionGuid = {F9364ECC-87EC-43ED-8B9A-04B58E10EB7E}
	EndGlobalSection
EndGlobal
